
Microsoft Visual Studio Solution File, Format Version 12.00
# Visual Studio 15
VisualStudioVersion = 15.0.27428.2011
MinimumVisualStudioVersion = 10.0.40219.1
Project("{FAE04EC0-301F-11D3-BF4B-00C04F79EFBC}") = "TextAdventure", "TextAdventure.csproj", "{42E67784-B647-4CB1-9D2F-16DF7CBD417C}"
EndProject
Global
	GlobalSection(SolutionConfigurationPlatforms) = preSolution
		Debug|Any CPU = Debug|Any CPU
		Release|Any CPU = Release|Any CPU
	EndGlobalSection
	GlobalSection(ProjectConfigurationPlatforms) = postSolution
		{42E67784-B647-4CB1-9D2F-16DF7CBD417C}.Debug|Any CPU.ActiveCfg = Debug|Any CPU
		{42E67784-B647-4CB1-9D2F-16DF7CBD417C}.Debug|Any CPU.Build.0 = Debug|Any CPU
		{42E67784-B647-4CB1-9D2F-16DF7CBD417C}.Release|Any CPU.ActiveCfg = Release|Any CPU
		{42E67784-B647-4CB1-9D2F-16DF7CBD417C}.Release|Any CPU.Build.0 = Release|Any CPU
	EndGlobalSection
	GlobalSection(SolutionProperties) = preSolution
		HideSolutionNode = FALSE
	EndGlobalSection
	GlobalSection(ExtensibilityGlobals) = postSolution
		SolutionGuid = {EA1EE486-B533-4407-8188-7EAF1CDFF264}
	EndGlobalSection
EndGlobal
